{
  "requires": true,
  "lockfileVersion": 1,
  "dependencies": {
    "@ionic-native/document-viewer": {
      "version": "5.19.1",
      "resolved": "https://registry.npmjs.org/@ionic-native/document-viewer/-/document-viewer-5.19.1.tgz",
      "integrity": "sha512-NJmEni3p/IyN8gX4eINKVxfO6CEg+ctPWFxKd63jwvoXGAmbqAEKHm2XRGBdO5TdsW1hmKikkUMNcowevwQTNg==",
      "requires": {
        "@types/cordova": "^0.0.34"
      }
    },
    "@ionic-native/file": {
      "version": "5.19.1",
      "resolved": "https://registry.npmjs.org/@ionic-native/file/-/file-5.19.1.tgz",
      "integrity": "sha512-ObJsygeu6h4BeJRDTClJEcLlehjJYPPkVEGdsuU4hjvIbHsxkcwO8qGS7Ze9EOcBntukIK5TFZUBUTEwDCg6xw==",
      "requires": {
        "@types/cordova": "^0.0.34"
      }
    },
    "@ionic-native/file-transfer": {
      "version": "5.19.1",
      "resolved": "https://registry.npmjs.org/@ionic-native/file-transfer/-/file-transfer-5.19.1.tgz",
      "integrity": "sha512-3DbhVZdA+yF/kQpfIhcthItxaZdkTyoT5++aewAgyX6cf2b3wkTEwH6+v4nOvy7ndl17+D5iGGb23tYWO8VWhg==",
      "requires": {
        "@types/cordova": "^0.0.34"
      }
    },
    "@types/cordova": {
      "version": "0.0.34",
      "resolved": "https://registry.npmjs.org/@types/cordova/-/cordova-0.0.34.tgz",
      "integrity": "sha1-6nrd907Ow9dimCegw54smt3HPQQ="
    }
  }
}
